
Microsoft Visual Studio Solution File, Format Version 12.00
Project("{2150E333-8FDC-42A3-9474-1A3956D46DE8}") = "src", "src", "{1063CBEB-6E8D-46C5-8355-E1B4F5293EB0}"
EndProject
Project("{2150E333-8FDC-42A3-9474-1A3956D46DE8}") = "tests", "tests", "{AB60FADA-2DFB-423E-8CCC-B33FE8C9E433}"
EndProject
Project("{2150E333-8FDC-42A3-9474-1A3956D46DE8}") = "Solution Items", "Solution Items", "{2F0334FE-BB60-42F4-9D37-A2759D53D9D3}"
	ProjectSection(SolutionItems) = preProject
		docker-compose.yml = docker-compose.yml
	EndProjectSection
EndProject
Project("{2150E333-8FDC-42A3-9474-1A3956D46DE8}") = "Core", "Core", "{7BCB3F18-AAE7-4702-8690-208B2BB4202A}"
EndProject
Project("{FAE04EC0-301F-11D3-BF4B-00C04F79EFBC}") = "Heracles.Domain", "src\Core\Heracles.Domain\Heracles.Domain.csproj", "{6490141C-29F6-4361-AC5A-9F054FCFF0DE}"
EndProject
Project("{FAE04EC0-301F-11D3-BF4B-00C04F79EFBC}") = "Heracles.Shared", "src\Core\Heracles.Shared\Heracles.Shared.csproj", "{E80DD608-2B0F-46AA-BD89-794EF86E5C85}"
EndProject
Project("{FAE04EC0-301F-11D3-BF4B-00C04F79EFBC}") = "Heracles.Application", "src\Core\Heracles.Application\Heracles.Application.csproj", "{B94C9F7E-F7EB-4242-BB93-616FC30BD37E}"
EndProject
Project("{FAE04EC0-301F-11D3-BF4B-00C04F79EFBC}") = "Heracles.Shared.UnitTests", "tests\Heracles.Shared.UnitTests\Heracles.Shared.UnitTests.csproj", "{9243B0D8-0FC6-4A4F-B48F-E495821160E0}"
EndProject
Project("{2150E333-8FDC-42A3-9474-1A3956D46DE8}") = "Infrastructure", "Infrastructure", "{D216E12B-1BDD-449C-956C-E159CF61074E}"
EndProject
Project("{2150E333-8FDC-42A3-9474-1A3956D46DE8}") = "Presentation", "Presentation", "{603F4CAE-2CC5-4FF4-A062-98ED029F9D35}"
EndProject
Project("{FAE04EC0-301F-11D3-BF4B-00C04F79EFBC}") = "Heracles.Persistence", "src\Infrastructure\Heracles.Persistence\Heracles.Persistence.csproj", "{6F6B4703-B3DE-48FD-959A-C89B2B96158C}"
EndProject
Project("{FAE04EC0-301F-11D3-BF4B-00C04F79EFBC}") = "Heracles.Api", "src\Presentation\Heracles.Api\Heracles.Api.csproj", "{89FCFB76-38B2-4C6B-8AF4-BE84BA0C22CB}"
EndProject
Project("{FAE04EC0-301F-11D3-BF4B-00C04F79EFBC}") = "Heracles.Common", "src\Presentation\Heracles.Common\Heracles.Common.csproj", "{44177F30-15DC-4414-B46F-0B5985CA25B8}"
EndProject
Project("{FAE04EC0-301F-11D3-BF4B-00C04F79EFBC}") = "Heracles.Application.UnitTest", "tests\Heracles.Application.UnitTest\Heracles.Application.UnitTest.csproj", "{2584E169-AD19-4C22-9A04-C78C34720408}"
EndProject
Project("{FAE04EC0-301F-11D3-BF4B-00C04F79EFBC}") = "Heracles.Api.IntegrationTests", "tests\Heracles.Api.IntegrationTests\Heracles.Api.IntegrationTests.csproj", "{26340A4B-8E88-4083-943F-8E67A2809EFF}"
EndProject
Global
	GlobalSection(SolutionConfigurationPlatforms) = preSolution
		Debug|Any CPU = Debug|Any CPU
		Release|Any CPU = Release|Any CPU
	EndGlobalSection
	GlobalSection(NestedProjects) = preSolution
		{7BCB3F18-AAE7-4702-8690-208B2BB4202A} = {1063CBEB-6E8D-46C5-8355-E1B4F5293EB0}
		{6490141C-29F6-4361-AC5A-9F054FCFF0DE} = {7BCB3F18-AAE7-4702-8690-208B2BB4202A}
		{E80DD608-2B0F-46AA-BD89-794EF86E5C85} = {7BCB3F18-AAE7-4702-8690-208B2BB4202A}
		{B94C9F7E-F7EB-4242-BB93-616FC30BD37E} = {7BCB3F18-AAE7-4702-8690-208B2BB4202A}
		{9243B0D8-0FC6-4A4F-B48F-E495821160E0} = {AB60FADA-2DFB-423E-8CCC-B33FE8C9E433}
		{D216E12B-1BDD-449C-956C-E159CF61074E} = {1063CBEB-6E8D-46C5-8355-E1B4F5293EB0}
		{603F4CAE-2CC5-4FF4-A062-98ED029F9D35} = {1063CBEB-6E8D-46C5-8355-E1B4F5293EB0}
		{6F6B4703-B3DE-48FD-959A-C89B2B96158C} = {D216E12B-1BDD-449C-956C-E159CF61074E}
		{89FCFB76-38B2-4C6B-8AF4-BE84BA0C22CB} = {603F4CAE-2CC5-4FF4-A062-98ED029F9D35}
		{44177F30-15DC-4414-B46F-0B5985CA25B8} = {603F4CAE-2CC5-4FF4-A062-98ED029F9D35}
		{2584E169-AD19-4C22-9A04-C78C34720408} = {AB60FADA-2DFB-423E-8CCC-B33FE8C9E433}
		{26340A4B-8E88-4083-943F-8E67A2809EFF} = {AB60FADA-2DFB-423E-8CCC-B33FE8C9E433}
	EndGlobalSection
	GlobalSection(ProjectConfigurationPlatforms) = postSolution
		{6490141C-29F6-4361-AC5A-9F054FCFF0DE}.Debug|Any CPU.ActiveCfg = Debug|Any CPU
		{6490141C-29F6-4361-AC5A-9F054FCFF0DE}.Debug|Any CPU.Build.0 = Debug|Any CPU
		{6490141C-29F6-4361-AC5A-9F054FCFF0DE}.Release|Any CPU.ActiveCfg = Release|Any CPU
		{6490141C-29F6-4361-AC5A-9F054FCFF0DE}.Release|Any CPU.Build.0 = Release|Any CPU
		{E80DD608-2B0F-46AA-BD89-794EF86E5C85}.Debug|Any CPU.ActiveCfg = Debug|Any CPU
		{E80DD608-2B0F-46AA-BD89-794EF86E5C85}.Debug|Any CPU.Build.0 = Debug|Any CPU
		{E80DD608-2B0F-46AA-BD89-794EF86E5C85}.Release|Any CPU.ActiveCfg = Release|Any CPU
		{E80DD608-2B0F-46AA-BD89-794EF86E5C85}.Release|Any CPU.Build.0 = Release|Any CPU
		{B94C9F7E-F7EB-4242-BB93-616FC30BD37E}.Debug|Any CPU.ActiveCfg = Debug|Any CPU
		{B94C9F7E-F7EB-4242-BB93-616FC30BD37E}.Debug|Any CPU.Build.0 = Debug|Any CPU
		{B94C9F7E-F7EB-4242-BB93-616FC30BD37E}.Release|Any CPU.ActiveCfg = Release|Any CPU
		{B94C9F7E-F7EB-4242-BB93-616FC30BD37E}.Release|Any CPU.Build.0 = Release|Any CPU
		{9243B0D8-0FC6-4A4F-B48F-E495821160E0}.Debug|Any CPU.ActiveCfg = Debug|Any CPU
		{9243B0D8-0FC6-4A4F-B48F-E495821160E0}.Debug|Any CPU.Build.0 = Debug|Any CPU
		{9243B0D8-0FC6-4A4F-B48F-E495821160E0}.Release|Any CPU.ActiveCfg = Release|Any CPU
		{9243B0D8-0FC6-4A4F-B48F-E495821160E0}.Release|Any CPU.Build.0 = Release|Any CPU
		{6F6B4703-B3DE-48FD-959A-C89B2B96158C}.Debug|Any CPU.ActiveCfg = Debug|Any CPU
		{6F6B4703-B3DE-48FD-959A-C89B2B96158C}.Debug|Any CPU.Build.0 = Debug|Any CPU
		{6F6B4703-B3DE-48FD-959A-C89B2B96158C}.Release|Any CPU.ActiveCfg = Release|Any CPU
		{6F6B4703-B3DE-48FD-959A-C89B2B96158C}.Release|Any CPU.Build.0 = Release|Any CPU
		{89FCFB76-38B2-4C6B-8AF4-BE84BA0C22CB}.Debug|Any CPU.ActiveCfg = Debug|Any CPU
		{89FCFB76-38B2-4C6B-8AF4-BE84BA0C22CB}.Debug|Any CPU.Build.0 = Debug|Any CPU
		{89FCFB76-38B2-4C6B-8AF4-BE84BA0C22CB}.Release|Any CPU.ActiveCfg = Release|Any CPU
		{89FCFB76-38B2-4C6B-8AF4-BE84BA0C22CB}.Release|Any CPU.Build.0 = Release|Any CPU
		{44177F30-15DC-4414-B46F-0B5985CA25B8}.Debug|Any CPU.ActiveCfg = Debug|Any CPU
		{44177F30-15DC-4414-B46F-0B5985CA25B8}.Debug|Any CPU.Build.0 = Debug|Any CPU
		{44177F30-15DC-4414-B46F-0B5985CA25B8}.Release|Any CPU.ActiveCfg = Release|Any CPU
		{44177F30-15DC-4414-B46F-0B5985CA25B8}.Release|Any CPU.Build.0 = Release|Any CPU
		{2584E169-AD19-4C22-9A04-C78C34720408}.Debug|Any CPU.ActiveCfg = Debug|Any CPU
		{2584E169-AD19-4C22-9A04-C78C34720408}.Debug|Any CPU.Build.0 = Debug|Any CPU
		{2584E169-AD19-4C22-9A04-C78C34720408}.Release|Any CPU.ActiveCfg = Release|Any CPU
		{2584E169-AD19-4C22-9A04-C78C34720408}.Release|Any CPU.Build.0 = Release|Any CPU
		{26340A4B-8E88-4083-943F-8E67A2809EFF}.Debug|Any CPU.ActiveCfg = Debug|Any CPU
		{26340A4B-8E88-4083-943F-8E67A2809EFF}.Debug|Any CPU.Build.0 = Debug|Any CPU
		{26340A4B-8E88-4083-943F-8E67A2809EFF}.Release|Any CPU.ActiveCfg = Release|Any CPU
		{26340A4B-8E88-4083-943F-8E67A2809EFF}.Release|Any CPU.Build.0 = Release|Any CPU
	EndGlobalSection
EndGlobal
